// !$*UTF8*$!
{
	archiveVersion = 1;
	classes = {
	};
	objectVersion = 46;
	objects = {

/* Begin PBXBuildFile section */
		3E0C6EAC18BBEC86002F398B /* Foundation.framework in Frameworks */ = {isa = PBXBuildFile; fileRef = 3E0C6EAB18BBEC86002F398B /* Foundation.framework */; };
		3E0C6EAE18BBEC86002F398B /* CoreGraphics.framework in Frameworks */ = {isa = PBXBuildFile; fileRef = 3E0C6EAD18BBEC86002F398B /* CoreGraphics.framework */; };
		3E0C6EB018BBEC86002F398B /* UIKit.framework in Frameworks */ = {isa = PBXBuildFile; fileRef = 3E0C6EAF18BBEC86002F398B /* UIKit.framework */; };
		3E0C6EB618BBEC86002F398B /* InfoPlist.strings in Resources */ = {isa = PBXBuildFile; fileRef = 3E0C6EB418BBEC86002F398B /* InfoPlist.strings */; };
		3E0C6EB818BBEC86002F398B /* main.m in Sources */ = {isa = PBXBuildFile; fileRef = 3E0C6EB718BBEC86002F398B /* main.m */; };
		3E0C6EBC18BBEC86002F398B /* AppDelegate.m in Sources */ = {isa = PBXBuildFile; fileRef = 3E0C6EBB18BBEC86002F398B /* AppDelegate.m */; };
		3E0C6EBF18BBEC86002F398B /* Main.storyboard in Resources */ = {isa = PBXBuildFile; fileRef = 3E0C6EBD18BBEC86002F398B /* Main.storyboard */; };
		3E0C6EC218BBEC86002F398B /* ViewController.m in Sources */ = {isa = PBXBuildFile; fileRef = 3E0C6EC118BBEC86002F398B /* ViewController.m */; };
		3E0C6EC418BBEC86002F398B /* Images.xcassets in Resources */ = {isa = PBXBuildFile; fileRef = 3E0C6EC318BBEC86002F398B /* Images.xcassets */; };
		3E0C6ECB18BBEC86002F398B /* XCTest.framework in Frameworks */ = {isa = PBXBuildFile; fileRef = 3E0C6ECA18BBEC86002F398B /* XCTest.framework */; };
		3E0C6ECC18BBEC86002F398B /* Foundation.framework in Frameworks */ = {isa = PBXBuildFile; fileRef = 3E0C6EAB18BBEC86002F398B /* Foundation.framework */; };
		3E0C6ECD18BBEC86002F398B /* UIKit.framework in Frameworks */ = {isa = PBXBuildFile; fileRef = 3E0C6EAF18BBEC86002F398B /* UIKit.framework */; };
		3E0C6ED518BBEC86002F398B /* InfoPlist.strings in Resources */ = {isa = PBXBuildFile; fileRef = 3E0C6ED318BBEC86002F398B /* InfoPlist.strings */; };
		3E0C6ED718BBEC86002F398B /* StructuresAndSortAlgorithms.m in Sources */ = {isa = PBXBuildFile; fileRef = 3E0C6ED618BBEC86002F398B /* StructuresAndSortAlgorithms.m */; };
		3E0C6EE218BBECBC002F398B /* Node.m in Sources */ = {isa = PBXBuildFile; fileRef = 3E0C6EE118BBECBC002F398B /* Node.m */; };
		3E0C6EE518BBED53002F398B /* LinkedList.m in Sources */ = {isa = PBXBuildFile; fileRef = 3E0C6EE418BBED53002F398B /* LinkedList.m */; };
		3E0C6EE918BC1B89002F398B /* TreeNode.m in Sources */ = {isa = PBXBuildFile; fileRef = 3E0C6EE818BC1B89002F398B /* TreeNode.m */; };
		3E0C6EEC18BC1B99002F398B /* BinaryTree.m in Sources */ = {isa = PBXBuildFile; fileRef = 3E0C6EEB18BC1B99002F398B /* BinaryTree.m */; };
		B02319B718BF0E9B00E2F03C /* HashTable.m in Sources */ = {isa = PBXBuildFile; fileRef = B02319B618BF0E9B00E2F03C /* HashTable.m */; };
		B02319BA18BF0EC600E2F03C /* HashBucket.m in Sources */ = {isa = PBXBuildFile; fileRef = B02319B918BF0EC600E2F03C /* HashBucket.m */; };
		B074D04318C3B934000569E3 /* RadixSorter.m in Sources */ = {isa = PBXBuildFile; fileRef = B074D04218C3B934000569E3 /* RadixSorter.m */; };
		B074D04618C3D50F000569E3 /* MergeSorter.m in Sources */ = {isa = PBXBuildFile; fileRef = B074D04518C3D50F000569E3 /* MergeSorter.m */; };
		B09CDB3A18BD3A9600D5B36A /* HeapSorter.m in Sources */ = {isa = PBXBuildFile; fileRef = B09CDB3918BD3A9600D5B36A /* HeapSorter.m */; };
		B09CDB3D18BD3CF400D5B36A /* QuickSorter.m in Sources */ = {isa = PBXBuildFile; fileRef = B09CDB3C18BD3CF400D5B36A /* QuickSorter.m */; };
		B09CDB4018BD429100D5B36A /* SortNode.m in Sources */ = {isa = PBXBuildFile; fileRef = B09CDB3F18BD429100D5B36A /* SortNode.m */; };
/* End PBXBuildFile section */

/* Begin PBXContainerItemProxy section */
		3E0C6ECE18BBEC86002F398B /* PBXContainerItemProxy */ = {
			isa = PBXContainerItemProxy;
			containerPortal = 3E0C6EA018BBEC86002F398B /* Project object */;
			proxyType = 1;
			remoteGlobalIDString = 3E0C6EA718BBEC86002F398B;
			remoteInfo = LinkedListAndBinarySearchTree;
		};
/* End PBXContainerItemProxy section */

/* Begin PBXFileReference section */
		3E0C6EA818BBEC86002F398B /* StructuresAndSortAlgorithms.app */ = {isa = PBXFileReference; explicitFileType = wrapper.application; includeInIndex = 0; path = StructuresAndSortAlgorithms.app; sourceTree = BUILT_PRODUCTS_DIR; };
		3E0C6EAB18BBEC86002F398B /* Foundation.framework */ = {isa = PBXFileReference; lastKnownFileType = wrapper.framework; name = Foundation.framework; path = System/Library/Frameworks/Foundation.framework; sourceTree = SDKROOT; };
		3E0C6EAD18BBEC86002F398B /* CoreGraphics.framework */ = {isa = PBXFileReference; lastKnownFileType = wrapper.framework; name = CoreGraphics.framework; path = System/Library/Frameworks/CoreGraphics.framework; sourceTree = SDKROOT; };
		3E0C6EAF18BBEC86002F398B /* UIKit.framework */ = {isa = PBXFileReference; lastKnownFileType = wrapper.framework; name = UIKit.framework; path = System/Library/Frameworks/UIKit.framework; sourceTree = SDKROOT; };
		3E0C6EB318BBEC86002F398B /* StructuresAndSortAlgorithms-Info.plist */ = {isa = PBXFileReference; lastKnownFileType = text.plist.xml; path = "StructuresAndSortAlgorithms-Info.plist"; sourceTree = "<group>"; };
		3E0C6EB518BBEC86002F398B /* en */ = {isa = PBXFileReference; lastKnownFileType = text.plist.strings; name = en; path = en.lproj/InfoPlist.strings; sourceTree = "<group>"; };
		3E0C6EB718BBEC86002F398B /* main.m */ = {isa = PBXFileReference; lastKnownFileType = sourcecode.c.objc; path = main.m; sourceTree = "<group>"; };
		3E0C6EB918BBEC86002F398B /* StructuresAndSortAlgorithms-Prefix.pch */ = {isa = PBXFileReference; lastKnownFileType = sourcecode.c.h; path = "StructuresAndSortAlgorithms-Prefix.pch"; sourceTree = "<group>"; };
		3E0C6EBB18BBEC86002F398B /* AppDelegate.m */ = {isa = PBXFileReference; lastKnownFileType = sourcecode.c.objc; path = AppDelegate.m; sourceTree = "<group>"; };
		3E0C6EBE18BBEC86002F398B /* Base */ = {isa = PBXFileReference; lastKnownFileType = file.storyboard; name = Base; path = Base.lproj/Main.storyboard; sourceTree = "<group>"; };
		3E0C6EC018BBEC86002F398B /* ViewController.h */ = {isa = PBXFileReference; lastKnownFileType = sourcecode.c.h; path = ViewController.h; sourceTree = "<group>"; };
		3E0C6EC118BBEC86002F398B /* ViewController.m */ = {isa = PBXFileReference; lastKnownFileType = sourcecode.c.objc; path = ViewController.m; sourceTree = "<group>"; };
		3E0C6EC318BBEC86002F398B /* Images.xcassets */ = {isa = PBXFileReference; lastKnownFileType = folder.assetcatalog; path = Images.xcassets; sourceTree = "<group>"; };
		3E0C6EC918BBEC86002F398B /* StructuresAndSortAlgorithmsTests.xctest */ = {isa = PBXFileReference; explicitFileType = wrapper.cfbundle; includeInIndex = 0; path = StructuresAndSortAlgorithmsTests.xctest; sourceTree = BUILT_PRODUCTS_DIR; };
		3E0C6ECA18BBEC86002F398B /* XCTest.framework */ = {isa = PBXFileReference; lastKnownFileType = wrapper.framework; name = XCTest.framework; path = Library/Frameworks/XCTest.framework; sourceTree = DEVELOPER_DIR; };
		3E0C6ED218BBEC86002F398B /* StructuresAndSortAlgorithmsTests-Info.plist */ = {isa = PBXFileReference; lastKnownFileType = text.plist.xml; path = "StructuresAndSortAlgorithmsTests-Info.plist"; sourceTree = "<group>"; };
		3E0C6ED418BBEC86002F398B /* en */ = {isa = PBXFileReference; lastKnownFileType = text.plist.strings; name = en; path = en.lproj/InfoPlist.strings; sourceTree = "<group>"; };
		3E0C6ED618BBEC86002F398B /* StructuresAndSortAlgorithms.m */ = {isa = PBXFileReference; lastKnownFileType = sourcecode.c.objc; path = StructuresAndSortAlgorithms.m; sourceTree = "<group>"; };
		3E0C6EE018BBECBC002F398B /* Node.h */ = {isa = PBXFileReference; fileEncoding = 4; lastKnownFileType = sourcecode.c.h; path = Node.h; sourceTree = "<group>"; };
		3E0C6EE118BBECBC002F398B /* Node.m */ = {isa = PBXFileReference; fileEncoding = 4; lastKnownFileType = sourcecode.c.objc; path = Node.m; sourceTree = "<group>"; };
		3E0C6EE318BBED53002F398B /* LinkedList.h */ = {isa = PBXFileReference; fileEncoding = 4; lastKnownFileType = sourcecode.c.h; path = LinkedList.h; sourceTree = "<group>"; };
		3E0C6EE418BBED53002F398B /* LinkedList.m */ = {isa = PBXFileReference; fileEncoding = 4; lastKnownFileType = sourcecode.c.objc; path = LinkedList.m; sourceTree = "<group>"; };
		3E0C6EE718BC1B89002F398B /* TreeNode.h */ = {isa = PBXFileReference; fileEncoding = 4; lastKnownFileType = sourcecode.c.h; path = TreeNode.h; sourceTree = "<group>"; };
		3E0C6EE818BC1B89002F398B /* TreeNode.m */ = {isa = PBXFileReference; fileEncoding = 4; lastKnownFileType = sourcecode.c.objc; path = TreeNode.m; sourceTree = "<group>"; };
		3E0C6EEA18BC1B99002F398B /* BinaryTree.h */ = {isa = PBXFileReference; fileEncoding = 4; lastKnownFileType = sourcecode.c.h; path = BinaryTree.h; sourceTree = "<group>"; };
		3E0C6EEB18BC1B99002F398B /* BinaryTree.m */ = {isa = PBXFileReference; fileEncoding = 4; lastKnownFileType = sourcecode.c.objc; path = BinaryTree.m; sourceTree = "<group>"; };
		B02319B518BF0E9B00E2F03C /* HashTable.h */ = {isa = PBXFileReference; fileEncoding = 4; lastKnownFileType = sourcecode.c.h; path = HashTable.h; sourceTree = "<group>"; };
		B02319B618BF0E9B00E2F03C /* HashTable.m */ = {isa = PBXFileReference; fileEncoding = 4; lastKnownFileType = sourcecode.c.objc; path = HashTable.m; sourceTree = "<group>"; };
		B02319B818BF0EC600E2F03C /* HashBucket.h */ = {isa = PBXFileReference; fileEncoding = 4; lastKnownFileType = sourcecode.c.h; path = HashBucket.h; sourceTree = "<group>"; };
		B02319B918BF0EC600E2F03C /* HashBucket.m */ = {isa = PBXFileReference; fileEncoding = 4; lastKnownFileType = sourcecode.c.objc; path = HashBucket.m; sourceTree = "<group>"; };
		B074D04118C3B934000569E3 /* RadixSorter.h */ = {isa = PBXFileReference; fileEncoding = 4; lastKnownFileType = sourcecode.c.h; path = RadixSorter.h; sourceTree = "<group>"; };
		B074D04218C3B934000569E3 /* RadixSorter.m */ = {isa = PBXFileReference; fileEncoding = 4; lastKnownFileType = sourcecode.c.objc; path = RadixSorter.m; sourceTree = "<group>"; };
		B074D04418C3D50F000569E3 /* MergeSorter.h */ = {isa = PBXFileReference; fileEncoding = 4; lastKnownFileType = sourcecode.c.h; path = MergeSorter.h; sourceTree = "<group>"; };
		B074D04518C3D50F000569E3 /* MergeSorter.m */ = {isa = PBXFileReference; fileEncoding = 4; lastKnownFileType = sourcecode.c.objc; path = MergeSorter.m; sourceTree = "<group>"; };
		B09CDB3818BD3A9600D5B36A /* HeapSorter.h */ = {isa = PBXFileReference; fileEncoding = 4; lastKnownFileType = sourcecode.c.h; path = HeapSorter.h; sourceTree = "<group>"; };
		B09CDB3918BD3A9600D5B36A /* HeapSorter.m */ = {isa = PBXFileReference; fileEncoding = 4; lastKnownFileType = sourcecode.c.objc; path = HeapSorter.m; sourceTree = "<group>"; };
		B09CDB3B18BD3CF400D5B36A /* QuickSorter.h */ = {isa = PBXFileReference; fileEncoding = 4; lastKnownFileType = sourcecode.c.h; path = QuickSorter.h; sourceTree = "<group>"; };
		B09CDB3C18BD3CF400D5B36A /* QuickSorter.m */ = {isa = PBXFileReference; fileEncoding = 4; lastKnownFileType = sourcecode.c.objc; path = QuickSorter.m; sourceTree = "<group>"; };
		B09CDB3E18BD429100D5B36A /* SortNode.h */ = {isa = PBXFileReference; fileEncoding = 4; lastKnownFileType = sourcecode.c.h; path = SortNode.h; sourceTree = "<group>"; };
		B09CDB3F18BD429100D5B36A /* SortNode.m */ = {isa = PBXFileReference; fileEncoding = 4; lastKnownFileType = sourcecode.c.objc; path = SortNode.m; sourceTree = "<group>"; };
/* End PBXFileReference section */

/* Begin PBXFrameworksBuildPhase section */
		3E0C6EA518BBEC86002F398B /* Frameworks */ = {
			isa = PBXFrameworksBuildPhase;
			buildActionMask = 2147483647;
			files = (
				3E0C6EAE18BBEC86002F398B /* CoreGraphics.framework in Frameworks */,
				3E0C6EB018BBEC86002F398B /* UIKit.framework in Frameworks */,
				3E0C6EAC18BBEC86002F398B /* Foundation.framework in Frameworks */,
			);
			runOnlyForDeploymentPostprocessing = 0;
		};
		3E0C6EC618BBEC86002F398B /* Frameworks */ = {
			isa = PBXFrameworksBuildPhase;
			buildActionMask = 2147483647;
			files = (
				3E0C6ECB18BBEC86002F398B /* XCTest.framework in Frameworks */,
				3E0C6ECD18BBEC86002F398B /* UIKit.framework in Frameworks */,
				3E0C6ECC18BBEC86002F398B /* Foundation.framework in Frameworks */,
			);
			runOnlyForDeploymentPostprocessing = 0;
		};
/* End PBXFrameworksBuildPhase section */

/* Begin PBXGroup section */
		3E0C6E9F18BBEC86002F398B = {
			isa = PBXGroup;
			children = (
				3E0C6EB118BBEC86002F398B /* StructuresAndSortAlgorithms */,
				3E0C6ED018BBEC86002F398B /* StructuresAndSortAlgorithmsTests */,
				3E0C6EAA18BBEC86002F398B /* Frameworks */,
				3E0C6EA918BBEC86002F398B /* Products */,
			);
			sourceTree = "<group>";
		};
		3E0C6EA918BBEC86002F398B /* Products */ = {
			isa = PBXGroup;
			children = (
				3E0C6EA818BBEC86002F398B /* StructuresAndSortAlgorithms.app */,
				3E0C6EC918BBEC86002F398B /* StructuresAndSortAlgorithmsTests.xctest */,
			);
			name = Products;
			sourceTree = "<group>";
		};
		3E0C6EAA18BBEC86002F398B /* Frameworks */ = {
			isa = PBXGroup;
			children = (
				3E0C6EAB18BBEC86002F398B /* Foundation.framework */,
				3E0C6EAD18BBEC86002F398B /* CoreGraphics.framework */,
				3E0C6EAF18BBEC86002F398B /* UIKit.framework */,
				3E0C6ECA18BBEC86002F398B /* XCTest.framework */,
			);
			name = Frameworks;
			sourceTree = "<group>";
		};
		3E0C6EB118BBEC86002F398B /* StructuresAndSortAlgorithms */ = {
			isa = PBXGroup;
			children = (
				3E0C6EBB18BBEC86002F398B /* AppDelegate.m */,
				3E0C6EBD18BBEC86002F398B /* Main.storyboard */,
				3E0C6EC018BBEC86002F398B /* ViewController.h */,
				3E0C6EC118BBEC86002F398B /* ViewController.m */,
				B09CDB3818BD3A9600D5B36A /* HeapSorter.h */,
				B09CDB3918BD3A9600D5B36A /* HeapSorter.m */,
				B02319B518BF0E9B00E2F03C /* HashTable.h */,
				B02319B618BF0E9B00E2F03C /* HashTable.m */,
				B02319B818BF0EC600E2F03C /* HashBucket.h */,
				B02319B918BF0EC600E2F03C /* HashBucket.m */,
				B09CDB3B18BD3CF400D5B36A /* QuickSorter.h */,
				B09CDB3C18BD3CF400D5B36A /* QuickSorter.m */,
				B074D04118C3B934000569E3 /* RadixSorter.h */,
				B074D04218C3B934000569E3 /* RadixSorter.m */,
				B074D04418C3D50F000569E3 /* MergeSorter.h */,
				B074D04518C3D50F000569E3 /* MergeSorter.m */,
				3E0C6EE118BBECBC002F398B /* Node.m */,
				3E0C6EE018BBECBC002F398B /* Node.h */,
				3E0C6EE318BBED53002F398B /* LinkedList.h */,
				3E0C6EE418BBED53002F398B /* LinkedList.m */,
				3E0C6EE718BC1B89002F398B /* TreeNode.h */,
				B09CDB3E18BD429100D5B36A /* SortNode.h */,
				B09CDB3F18BD429100D5B36A /* SortNode.m */,
				3E0C6EE818BC1B89002F398B /* TreeNode.m */,
				3E0C6EEA18BC1B99002F398B /* BinaryTree.h */,
				3E0C6EEB18BC1B99002F398B /* BinaryTree.m */,
				3E0C6EC318BBEC86002F398B /* Images.xcassets */,
				3E0C6EB218BBEC86002F398B /* Supporting Files */,
			);
			path = StructuresAndSortAlgorithms;
			sourceTree = "<group>";
		};
		3E0C6EB218BBEC86002F398B /* Supporting Files */ = {
			isa = PBXGroup;
			children = (
				3E0C6EB318BBEC86002F398B /* StructuresAndSortAlgorithms-Info.plist */,
				3E0C6EB418BBEC86002F398B /* InfoPlist.strings */,
				3E0C6EB718BBEC86002F398B /* main.m */,
				3E0C6EB918BBEC86002F398B /* StructuresAndSortAlgorithms-Prefix.pch */,
			);
			name = "Supporting Files";
			sourceTree = "<group>";
		};
		3E0C6ED018BBEC86002F398B /* StructuresAndSortAlgorithmsTests */ = {
			isa = PBXGroup;
			children = (
				3E0C6ED618BBEC86002F398B /* StructuresAndSortAlgorithms.m */,
				3E0C6ED118BBEC86002F398B /* Supporting Files */,
			);
			path = StructuresAndSortAlgorithmsTests;
			sourceTree = "<group>";
		};
		3E0C6ED118BBEC86002F398B /* Supporting Files */ = {
			isa = PBXGroup;
			children = (
				3E0C6ED218BBEC86002F398B /* StructuresAndSortAlgorithmsTests-Info.plist */,
				3E0C6ED318BBEC86002F398B /* InfoPlist.strings */,
			);
			name = "Supporting Files";
			sourceTree = "<group>";
		};
/* End PBXGroup section */

/* Begin PBXNativeTarget section */
		3E0C6EA718BBEC86002F398B /* StructuresAndSortAlgorithms */ = {
			isa = PBXNativeTarget;
			buildConfigurationList = 3E0C6EDA18BBEC86002F398B /* Build configuration list for PBXNativeTarget "StructuresAndSortAlgorithms" */;
			buildPhases = (
				3E0C6EA418BBEC86002F398B /* Sources */,
				3E0C6EA518BBEC86002F398B /* Frameworks */,
				3E0C6EA618BBEC86002F398B /* Resources */,
			);
			buildRules = (
			);
			dependencies = (
			);
			name = StructuresAndSortAlgorithms;
			productName = LinkedListAndBinarySearchTree;
			productReference = 3E0C6EA818BBEC86002F398B /* StructuresAndSortAlgorithms.app */;
			productType = "com.apple.product-type.application";
		};
		3E0C6EC818BBEC86002F398B /* StructuresAndSortAlgorithmsTests */ = {
			isa = PBXNativeTarget;
			buildConfigurationList = 3E0C6EDD18BBEC86002F398B /* Build configuration list for PBXNativeTarget "StructuresAndSortAlgorithmsTests" */;
			buildPhases = (
				3E0C6EC518BBEC86002F398B /* Sources */,
				3E0C6EC618BBEC86002F398B /* Frameworks */,
				3E0C6EC718BBEC86002F398B /* Resources */,
			);
			buildRules = (
			);
			dependencies = (
				3E0C6ECF18BBEC86002F398B /* PBXTargetDependency */,
			);
			name = StructuresAndSortAlgorithmsTests;
			productName = LinkedListAndBinarySearchTreeTests;
			productReference = 3E0C6EC918BBEC86002F398B /* StructuresAndSortAlgorithmsTests.xctest */;
			productType = "com.apple.product-type.bundle.unit-test";
		};
/* End PBXNativeTarget section */

/* Begin PBXProject section */
		3E0C6EA018BBEC86002F398B /* Project object */ = {
			isa = PBXProject;
			attributes = {
				LastUpgradeCheck = 0500;
				ORGANIZATIONNAME = "Matt Remick";
				TargetAttributes = {
					3E0C6EC818BBEC86002F398B = {
						TestTargetID = 3E0C6EA718BBEC86002F398B;
					};
				};
			};
			buildConfigurationList = 3E0C6EA318BBEC86002F398B /* Build configuration list for PBXProject "StructuresAndSortAlgorithms" */;
			compatibilityVersion = "Xcode 3.2";
			developmentRegion = English;
			hasScannedForEncodings = 0;
			knownRegions = (
				en,
				Base,
			);
			mainGroup = 3E0C6E9F18BBEC86002F398B;
			productRefGroup = 3E0C6EA918BBEC86002F398B /* Products */;
			projectDirPath = "";
			projectRoot = "";
			targets = (
				3E0C6EA718BBEC86002F398B /* StructuresAndSortAlgorithms */,
				3E0C6EC818BBEC86002F398B /* StructuresAndSortAlgorithmsTests */,
			);
		};
/* End PBXProject section */

/* Begin PBXResourcesBuildPhase section */
		3E0C6EA618BBEC86002F398B /* Resources */ = {
			isa = PBXResourcesBuildPhase;
			buildActionMask = 2147483647;
			files = (
				3E0C6EC418BBEC86002F398B /* Images.xcassets in Resources */,
				3E0C6EB618BBEC86002F398B /* InfoPlist.strings in Resources */,
				3E0C6EBF18BBEC86002F398B /* Main.storyboard in Resources */,
			);
			runOnlyForDeploymentPostprocessing = 0;
		};
		3E0C6EC718BBEC86002F398B /* Resources */ = {
			isa = PBXResourcesBuildPhase;
			buildActionMask = 2147483647;
			files = (
				3E0C6ED518BBEC86002F398B /* InfoPlist.strings in Resources */,
			);
			runOnlyForDeploymentPostprocessing = 0;
		};
/* End PBXResourcesBuildPhase section */

/* Begin PBXSourcesBuildPhase section */
		3E0C6EA418BBEC86002F398B /* Sources */ = {
			isa = PBXSourcesBuildPhase;
			buildActionMask = 2147483647;
			files = (
				B02319B718BF0E9B00E2F03C /* HashTable.m in Sources */,
				B074D04318C3B934000569E3 /* RadixSorter.m in Sources */,
				3E0C6EC218BBEC86002F398B /* ViewController.m in Sources */,
				3E0C6EBC18BBEC86002F398B /* AppDelegate.m in Sources */,
				3E0C6EB818BBEC86002F398B /* main.m in Sources */,
				B074D04618C3D50F000569E3 /* MergeSorter.m in Sources */,
				B09CDB4018BD429100D5B36A /* SortNode.m in Sources */,
				B02319BA18BF0EC600E2F03C /* HashBucket.m in Sources */,
				3E0C6EE518BBED53002F398B /* LinkedList.m in Sources */,
				B09CDB3D18BD3CF400D5B36A /* QuickSorter.m in Sources */,
				B09CDB3A18BD3A9600D5B36A /* HeapSorter.m in Sources */,
				3E0C6EE218BBECBC002F398B /* Node.m in Sources */,
				3E0C6EEC18BC1B99002F398B /* BinaryTree.m in Sources */,
				3E0C6EE918BC1B89002F398B /* TreeNode.m in Sources */,
			);
			runOnlyForDeploymentPostprocessing = 0;
		};
		3E0C6EC518BBEC86002F398B /* Sources */ = {
			isa = PBXSourcesBuildPhase;
			buildActionMask = 2147483647;
			files = (
				3E0C6ED718BBEC86002F398B /* StructuresAndSortAlgorithms.m in Sources */,
			);
			runOnlyForDeploymentPostprocessing = 0;
		};
/* End PBXSourcesBuildPhase section */

/* Begin PBXTargetDependency section */
		3E0C6ECF18BBEC86002F398B /* PBXTargetDependency */ = {
			isa = PBXTargetDependency;
			target = 3E0C6EA718BBEC86002F398B /* StructuresAndSortAlgorithms */;
			targetProxy = 3E0C6ECE18BBEC86002F398B /* PBXContainerItemProxy */;
		};
/* End PBXTargetDependency section */

/* Begin PBXVariantGroup section */
		3E0C6EB418BBEC86002F398B /* InfoPlist.strings */ = {
			isa = PBXVariantGroup;
			children = (
				3E0C6EB518BBEC86002F398B /* en */,
			);
			name = InfoPlist.strings;
			sourceTree = "<group>";
		};
		3E0C6EBD18BBEC86002F398B /* Main.storyboard */ = {
			isa = PBXVariantGroup;
			children = (
				3E0C6EBE18BBEC86002F398B /* Base */,
			);
			name = Main.storyboard;
			sourceTree = "<group>";
		};
		3E0C6ED318BBEC86002F398B /* InfoPlist.strings */ = {
			isa = PBXVariantGroup;
			children = (
				3E0C6ED418BBEC86002F398B /* en */,
			);
			name = InfoPlist.strings;
			sourceTree = "<group>";
		};
/* End PBXVariantGroup section */

/* Begin XCBuildConfiguration section */
		3E0C6ED818BBEC86002F398B /* Debug */ = {
			isa = XCBuildConfiguration;
			buildSettings = {
				ALWAYS_SEARCH_USER_PATHS = NO;
				ARCHS = "$(ARCHS_STANDARD_INCLUDING_64_BIT)";
				CLANG_CXX_LANGUAGE_STANDARD = "gnu++0x";
				CLANG_CXX_LIBRARY = "libc++";
				CLANG_ENABLE_MODULES = YES;
				CLANG_ENABLE_OBJC_ARC = YES;
				CLANG_WARN_BOOL_CONVERSION = YES;
				CLANG_WARN_CONSTANT_CONVERSION = YES;
				CLANG_WARN_DIRECT_OBJC_ISA_USAGE = YES_ERROR;
				CLANG_WARN_EMPTY_BODY = YES;
				CLANG_WARN_ENUM_CONVERSION = YES;
				CLANG_WARN_INT_CONVERSION = YES;
				CLANG_WARN_OBJC_ROOT_CLASS = YES_ERROR;
				CLANG_WARN__DUPLICATE_METHOD_MATCH = YES;
				"CODE_SIGN_IDENTITY[sdk=iphoneos*]" = "iPhone Developer";
				COPY_PHASE_STRIP = NO;
				GCC_C_LANGUAGE_STANDARD = gnu99;
				GCC_DYNAMIC_NO_PIC = NO;
				GCC_OPTIMIZATION_LEVEL = 0;
				GCC_PREPROCESSOR_DEFINITIONS = (
					"DEBUG=1",
					"$(inherited)",
				);
				GCC_SYMBOLS_PRIVATE_EXTERN = NO;
				GCC_WARN_64_TO_32_BIT_CONVERSION = YES;
				GCC_WARN_ABOUT_RETURN_TYPE = YES_ERROR;
				GCC_WARN_UNDECLARED_SELECTOR = YES;
				GCC_WARN_UNINITIALIZED_AUTOS = YES;
				GCC_WARN_UNUSED_FUNCTION = YES;
				GCC_WARN_UNUSED_VARIABLE = YES;
				IPHONEOS_DEPLOYMENT_TARGET = 7.0;
				ONLY_ACTIVE_ARCH = YES;
				SDKROOT = iphoneos;
			};
			name = Debug;
		};
		3E0C6ED918BBEC86002F398B /* Release */ = {
			isa = XCBuildConfiguration;
			buildSettings = {
				ALWAYS_SEARCH_USER_PATHS = NO;
				ARCHS = "$(ARCHS_STANDARD_INCLUDING_64_BIT)";
				CLANG_CXX_LANGUAGE_STANDARD = "gnu++0x";
				CLANG_CXX_LIBRARY = "libc++";
				CLANG_ENABLE_MODULES = YES;
				CLANG_ENABLE_OBJC_ARC = YES;
				CLANG_WARN_BOOL_CONVERSION = YES;
				CLANG_WARN_CONSTANT_CONVERSION = YES;
				CLANG_WARN_DIRECT_OBJC_ISA_USAGE = YES_ERROR;
				CLANG_WARN_EMPTY_BODY = YES;
				CLANG_WARN_ENUM_CONVERSION = YES;
				CLANG_WARN_INT_CONVERSION = YES;
				CLANG_WARN_OBJC_ROOT_CLASS = YES_ERROR;
				CLANG_WARN__DUPLICATE_METHOD_MATCH = YES;
				"CODE_SIGN_IDENTITY[sdk=iphoneos*]" = "iPhone Developer";
				COPY_PHASE_STRIP = YES;
				ENABLE_NS_ASSERTIONS = NO;
				GCC_C_LANGUAGE_STANDARD = gnu99;
				GCC_WARN_64_TO_32_BIT_CONVERSION = YES;
				GCC_WARN_ABOUT_RETURN_TYPE = YES_ERROR;
				GCC_WARN_UNDECLARED_SELECTOR = YES;
				GCC_WARN_UNINITIALIZED_AUTOS = YES;
				GCC_WARN_UNUSED_FUNCTION = YES;
				GCC_WARN_UNUSED_VARIABLE = YES;
				IPHONEOS_DEPLOYMENT_TARGET = 7.0;
				SDKROOT = iphoneos;
				VALIDATE_PRODUCT = YES;
			};
			name = Release;
		};
		3E0C6EDB18BBEC86002F398B /* Debug */ = {
			isa = XCBuildConfiguration;
			buildSettings = {
				ASSETCATALOG_COMPILER_APPICON_NAME = AppIcon;
				ASSETCATALOG_COMPILER_LAUNCHIMAGE_NAME = LaunchImage;
				GCC_PRECOMPILE_PREFIX_HEADER = YES;
				GCC_PREFIX_HEADER = "StructuresAndSortAlgorithms/StructuresAndSortAlgorithms-Prefix.pch";
				INFOPLIST_FILE = "StructuresAndSortAlgorithms/StructuresAndSortAlgorithms-Info.plist";
				PRODUCT_NAME = StructuresAndSortAlgorithms;
				WRAPPER_EXTENSION = app;
			};
			name = Debug;
		};
		3E0C6EDC18BBEC86002F398B /* Release */ = {
			isa = XCBuildConfiguration;
			buildSettings = {
				ASSETCATALOG_COMPILER_APPICON_NAME = AppIcon;
				ASSETCATALOG_COMPILER_LAUNCHIMAGE_NAME = LaunchImage;
				GCC_PRECOMPILE_PREFIX_HEADER = YES;
				GCC_PREFIX_HEADER = "StructuresAndSortAlgorithms/StructuresAndSortAlgorithms-Prefix.pch";
				INFOPLIST_FILE = "StructuresAndSortAlgorithms/StructuresAndSortAlgorithms-Info.plist";
				PRODUCT_NAME = StructuresAndSortAlgorithms;
				WRAPPER_EXTENSION = app;
			};
			name = Release;
		};
		3E0C6EDE18BBEC86002F398B /* Debug */ = {
			isa = XCBuildConfiguration;
			buildSettings = {
				ARCHS = "$(ARCHS_STANDARD_INCLUDING_64_BIT)";
				BUNDLE_LOADER = "$(BUILT_PRODUCTS_DIR)/LinkedListAndBinarySearchTree.app/LinkedListAndBinarySearchTree";
				FRAMEWORK_SEARCH_PATHS = (
					"$(SDKROOT)/Developer/Library/Frameworks",
					"$(inherited)",
					"$(DEVELOPER_FRAMEWORKS_DIR)",
				);
				GCC_PRECOMPILE_PREFIX_HEADER = YES;
				GCC_PREFIX_HEADER = "LinkedListAndBinarySearchTree/LinkedListAndBinarySearchTree-Prefix.pch";
				GCC_PREPROCESSOR_DEFINITIONS = (
					"DEBUG=1",
					"$(inherited)",
				);
				INFOPLIST_FILE = "LinkedListAndBinarySearchTreeTests/StructuresAndSortAlgorithmsTests-Info.plist";
				PRODUCT_NAME = StructuresAndSortAlgorithmsTests;
				TEST_HOST = "$(BUNDLE_LOADER)";
				WRAPPER_EXTENSION = xctest;
			};
			name = Debug;
		};
		3E0C6EDF18BBEC86002F398B /* Release */ = {
			isa = XCBuildConfiguration;
			buildSettings = {
				ARCHS = "$(ARCHS_STANDARD_INCLUDING_64_BIT)";
				BUNDLE_LOADER = "$(BUILT_PRODUCTS_DIR)/LinkedListAndBinarySearchTree.app/LinkedListAndBinarySearchTree";
				FRAMEWORK_SEARCH_PATHS = (
					"$(SDKROOT)/Developer/Library/Frameworks",
					"$(inherited)",
					"$(DEVELOPER_FRAMEWORKS_DIR)",
				);
				GCC_PRECOMPILE_PREFIX_HEADER = YES;
				GCC_PREFIX_HEADER = "LinkedListAndBinarySearchTree/LinkedListAndBinarySearchTree-Prefix.pch";
				INFOPLIST_FILE = "LinkedListAndBinarySearchTreeTests/StructuresAndSortAlgorithmsTests-Info.plist";
				PRODUCT_NAME = StructuresAndSortAlgorithmsTests;
				TEST_HOST = "$(BUNDLE_LOADER)";
				WRAPPER_EXTENSION = xctest;
			};
			name = Release;
		};
/* End XCBuildConfiguration section */

/* Begin XCConfigurationList section */
		3E0C6EA318BBEC86002F398B /* Build configuration list for PBXProject "StructuresAndSortAlgorithms" */ = {
			isa = XCConfigurationList;
			buildConfigurations = (
				3E0C6ED818BBEC86002F398B /* Debug */,
				3E0C6ED918BBEC86002F398B /* Release */,
			);
			defaultConfigurationIsVisible = 0;
			defaultConfigurationName = Release;
		};
		3E0C6EDA18BBEC86002F398B /* Build configuration list for PBXNativeTarget "StructuresAndSortAlgorithms" */ = {
			isa = XCConfigurationList;
			buildConfigurations = (
				3E0C6EDB18BBEC86002F398B /* Debug */,
				3E0C6EDC18BBEC86002F398B /* Release */,
			);
			defaultConfigurationIsVisible = 0;
			defaultConfigurationName = Release;
		};
		3E0C6EDD18BBEC86002F398B /* Build configuration list for PBXNativeTarget "StructuresAndSortAlgorithmsTests" */ = {
			isa = XCConfigurationList;
			buildConfigurations = (
				3E0C6EDE18BBEC86002F398B /* Debug */,
				3E0C6EDF18BBEC86002F398B /* Release */,
			);
			defaultConfigurationIsVisible = 0;
			defaultConfigurationName = Release;
		};
/* End XCConfigurationList section */
	};
	rootObject = 3E0C6EA018BBEC86002F398B /* Project object */;
}
